
Microsoft Visual Studio Solution File, Format Version 12.00
# Visual Studio Version 16
VisualStudioVersion = 16.0.29411.108
MinimumVisualStudioVersion = 10.0.40219.1
Project("{8BC9CEB8-8B4A-11D0-8D11-00A0C91BC942}") = "2019_11_09_question2", "2019_11_09_question2.vcxproj", "{072B83E8-6203-4BCC-937D-04D1BF71E201}"
EndProject
Global
	GlobalSection(SolutionConfigurationPlatforms) = preSolution
		Debug|x64 = Debug|x64
		Debug|x86 = Debug|x86
		Release|x64 = Release|x64
		Release|x86 = Release|x86
	EndGlobalSection
	GlobalSection(ProjectConfigurationPlatforms) = postSolution
		{072B83E8-6203-4BCC-937D-04D1BF71E201}.Debug|x64.ActiveCfg = Debug|x64
		{072B83E8-6203-4BCC-937D-04D1BF71E201}.Debug|x64.Build.0 = Debug|x64
		{072B83E8-6203-4BCC-937D-04D1BF71E201}.Debug|x86.ActiveCfg = Debug|Win32
		{072B83E8-6203-4BCC-937D-04D1BF71E201}.Debug|x86.Build.0 = Debug|Win32
		{072B83E8-6203-4BCC-937D-04D1BF71E201}.Release|x64.ActiveCfg = Release|x64
		{072B83E8-6203-4BCC-937D-04D1BF71E201}.Release|x64.Build.0 = Release|x64
		{072B83E8-6203-4BCC-937D-04D1BF71E201}.Release|x86.ActiveCfg = Release|Win32
		{072B83E8-6203-4BCC-937D-04D1BF71E201}.Release|x86.Build.0 = Release|Win32
	EndGlobalSection
	GlobalSection(SolutionProperties) = preSolution
		HideSolutionNode = FALSE
	EndGlobalSection
	GlobalSection(ExtensibilityGlobals) = postSolution
		SolutionGuid = {C487449E-6104-469B-A259-6B5735C5C311}
	EndGlobalSection
EndGlobal
