
Microsoft Visual Studio Solution File, Format Version 12.00
# Visual Studio Version 16
VisualStudioVersion = 16.0.29411.108
MinimumVisualStudioVersion = 10.0.40219.1
Project("{8BC9CEB8-8B4A-11D0-8D11-00A0C91BC942}") = "2019_11_09_question5", "2019_11_09_question5.vcxproj", "{7FAE2974-4E00-428D-986F-4B2714B8677D}"
EndProject
Global
	GlobalSection(SolutionConfigurationPlatforms) = preSolution
		Debug|x64 = Debug|x64
		Debug|x86 = Debug|x86
		Release|x64 = Release|x64
		Release|x86 = Release|x86
	EndGlobalSection
	GlobalSection(ProjectConfigurationPlatforms) = postSolution
		{7FAE2974-4E00-428D-986F-4B2714B8677D}.Debug|x64.ActiveCfg = Debug|x64
		{7FAE2974-4E00-428D-986F-4B2714B8677D}.Debug|x64.Build.0 = Debug|x64
		{7FAE2974-4E00-428D-986F-4B2714B8677D}.Debug|x86.ActiveCfg = Debug|Win32
		{7FAE2974-4E00-428D-986F-4B2714B8677D}.Debug|x86.Build.0 = Debug|Win32
		{7FAE2974-4E00-428D-986F-4B2714B8677D}.Release|x64.ActiveCfg = Release|x64
		{7FAE2974-4E00-428D-986F-4B2714B8677D}.Release|x64.Build.0 = Release|x64
		{7FAE2974-4E00-428D-986F-4B2714B8677D}.Release|x86.ActiveCfg = Release|Win32
		{7FAE2974-4E00-428D-986F-4B2714B8677D}.Release|x86.Build.0 = Release|Win32
	EndGlobalSection
	GlobalSection(SolutionProperties) = preSolution
		HideSolutionNode = FALSE
	EndGlobalSection
	GlobalSection(ExtensibilityGlobals) = postSolution
		SolutionGuid = {63E7C2CC-4EC0-4F16-B0D5-181678EA019A}
	EndGlobalSection
EndGlobal
